
Microsoft Visual Studio Solution File, Format Version 12.00
# Visual Studio 15
VisualStudioVersion = 15.0.28307.136
MinimumVisualStudioVersion = 10.0.40219.1
Project("{FAE04EC0-301F-11D3-BF4B-00C04F79EFBC}") = "MeetingReminderBlackout", "MeetingReminderBlackout\MeetingReminderBlackout.csproj", "{ABE42A81-0B8E-4533-897F-80BED2518363}"
EndProject
Global
	GlobalSection(SolutionConfigurationPlatforms) = preSolution
		Debug|Any CPU = Debug|Any CPU
		Release|Any CPU = Release|Any CPU
	EndGlobalSection
	GlobalSection(ProjectConfigurationPlatforms) = postSolution
		{ABE42A81-0B8E-4533-897F-80BED2518363}.Debug|Any CPU.ActiveCfg = Debug|Any CPU
		{ABE42A81-0B8E-4533-897F-80BED2518363}.Debug|Any CPU.Build.0 = Debug|Any CPU
		{ABE42A81-0B8E-4533-897F-80BED2518363}.Release|Any CPU.ActiveCfg = Release|Any CPU
		{ABE42A81-0B8E-4533-897F-80BED2518363}.Release|Any CPU.Build.0 = Release|Any CPU
	EndGlobalSection
	GlobalSection(SolutionProperties) = preSolution
		HideSolutionNode = FALSE
	EndGlobalSection
	GlobalSection(ExtensibilityGlobals) = postSolution
		SolutionGuid = {8C653965-DA9D-4DE4-9C76-624B4CFEF9A6}
	EndGlobalSection
EndGlobal
